
Microsoft Visual Studio Solution File, Format Version 11.00
# Visual C++ Express 2010
Project("{8BC9CEB8-8B4A-11D0-8D11-00A0C91BC942}") = "jni2ctapi", "jni2ctapi\jni2ctapi.vcxproj", "{8C64E25F-76EE-4374-A7FD-34449C1052CB}"
EndProject
Global
	GlobalSection(SolutionConfigurationPlatforms) = preSolution
		Debug|Win32 = Debug|Win32
		Debug|x64 = Debug|x64
		Release|Win32 = Release|Win32
		Release|x64 = Release|x64
	EndGlobalSection
	GlobalSection(ProjectConfigurationPlatforms) = postSolution
		{8C64E25F-76EE-4374-A7FD-34449C1052CB}.Debug|Win32.ActiveCfg = Debug|Win32
		{8C64E25F-76EE-4374-A7FD-34449C1052CB}.Debug|Win32.Build.0 = Debug|Win32
		{8C64E25F-76EE-4374-A7FD-34449C1052CB}.Debug|x64.ActiveCfg = Debug|x64
		{8C64E25F-76EE-4374-A7FD-34449C1052CB}.Debug|x64.Build.0 = Debug|x64
		{8C64E25F-76EE-4374-A7FD-34449C1052CB}.Release|Win32.ActiveCfg = Release|Win32
		{8C64E25F-76EE-4374-A7FD-34449C1052CB}.Release|Win32.Build.0 = Release|Win32
		{8C64E25F-76EE-4374-A7FD-34449C1052CB}.Release|x64.ActiveCfg = Release|x64
		{8C64E25F-76EE-4374-A7FD-34449C1052CB}.Release|x64.Build.0 = Release|x64
	EndGlobalSection
	GlobalSection(SolutionProperties) = preSolution
		HideSolutionNode = FALSE
	EndGlobalSection
EndGlobal
